
Microsoft Visual Studio Solution File, Format Version 12.00
Project("{FAE04EC0-301F-11D3-BF4B-00C04F79EFBC}") = "Webshop", "Webshop\Webshop.csproj", "{24C255B7-69ED-4082-899D-3B91797FC180}"
EndProject
Global
	GlobalSection(SolutionConfigurationPlatforms) = preSolution
		Debug|Any CPU = Debug|Any CPU
		Release|Any CPU = Release|Any CPU
	EndGlobalSection
	GlobalSection(ProjectConfigurationPlatforms) = postSolution
		{24C255B7-69ED-4082-899D-3B91797FC180}.Debug|Any CPU.ActiveCfg = Debug|Any CPU
		{24C255B7-69ED-4082-899D-3B91797FC180}.Debug|Any CPU.Build.0 = Debug|Any CPU
		{24C255B7-69ED-4082-899D-3B91797FC180}.Release|Any CPU.ActiveCfg = Release|Any CPU
		{24C255B7-69ED-4082-899D-3B91797FC180}.Release|Any CPU.Build.0 = Release|Any CPU
	EndGlobalSection
EndGlobal
